
Microsoft Visual Studio Solution File, Format Version 12.00
# Visual Studio Version 16
VisualStudioVersion = 16.0.29209.152
MinimumVisualStudioVersion = 10.0.40219.1
Project("{9A19103F-16F7-4668-BE54-9A1E7A4F7556}") = "EFCore.Scaffolding.Extension", "EFCore.Scaffolding.Extension\EFCore.Scaffolding.Extension.csproj", "{5F6049AE-224A-4A78-B47D-8096243AE4AA}"
EndProject
Project("{FAE04EC0-301F-11D3-BF4B-00C04F79EFBC}") = "EFCore.Scaffolding.Extension.Test", "EFCore.Scaffolding.Extension.Test\EFCore.Scaffolding.Extension.Test.csproj", "{64B9EB33-B439-425E-89E6-5F68A21D1DB0}"
EndProject
Project("{FAE04EC0-301F-11D3-BF4B-00C04F79EFBC}") = "EFCore.Scaffolding.Extension.Entity", "EFCore.Scaffolding.Extension.Entity\EFCore.Scaffolding.Extension.Entity.csproj", "{B032C271-52F4-4841-9AF5-0E1C5A0C36ED}"
EndProject
Global
	GlobalSection(SolutionConfigurationPlatforms) = preSolution
		Debug|Any CPU = Debug|Any CPU
		Release|Any CPU = Release|Any CPU
	EndGlobalSection
	GlobalSection(ProjectConfigurationPlatforms) = postSolution
		{5F6049AE-224A-4A78-B47D-8096243AE4AA}.Debug|Any CPU.ActiveCfg = Debug|Any CPU
		{5F6049AE-224A-4A78-B47D-8096243AE4AA}.Debug|Any CPU.Build.0 = Debug|Any CPU
		{5F6049AE-224A-4A78-B47D-8096243AE4AA}.Release|Any CPU.ActiveCfg = Release|Any CPU
		{5F6049AE-224A-4A78-B47D-8096243AE4AA}.Release|Any CPU.Build.0 = Release|Any CPU
		{64B9EB33-B439-425E-89E6-5F68A21D1DB0}.Debug|Any CPU.ActiveCfg = Debug|Any CPU
		{64B9EB33-B439-425E-89E6-5F68A21D1DB0}.Debug|Any CPU.Build.0 = Debug|Any CPU
		{64B9EB33-B439-425E-89E6-5F68A21D1DB0}.Release|Any CPU.ActiveCfg = Release|Any CPU
		{64B9EB33-B439-425E-89E6-5F68A21D1DB0}.Release|Any CPU.Build.0 = Release|Any CPU
		{B032C271-52F4-4841-9AF5-0E1C5A0C36ED}.Debug|Any CPU.ActiveCfg = Debug|Any CPU
		{B032C271-52F4-4841-9AF5-0E1C5A0C36ED}.Debug|Any CPU.Build.0 = Debug|Any CPU
		{B032C271-52F4-4841-9AF5-0E1C5A0C36ED}.Release|Any CPU.ActiveCfg = Release|Any CPU
		{B032C271-52F4-4841-9AF5-0E1C5A0C36ED}.Release|Any CPU.Build.0 = Release|Any CPU
	EndGlobalSection
	GlobalSection(SolutionProperties) = preSolution
		HideSolutionNode = FALSE
	EndGlobalSection
	GlobalSection(ExtensibilityGlobals) = postSolution
		SolutionGuid = {89D8C26C-C8D2-4DC9-9E4D-EEFE612EF87D}
	EndGlobalSection
EndGlobal
