
Microsoft Visual Studio Solution File, Format Version 12.00
# Visual Studio Version 16
VisualStudioVersion = 16.0.29209.152
MinimumVisualStudioVersion = 10.0.40219.1
Project("{9A19103F-16F7-4668-BE54-9A1E7A4F7556}") = "EFCore.CodeGenerator", "EFCore.CodeGenerator\EFCore.CodeGenerator.csproj", "{8BB4E627-BE72-46DB-AF42-6589248F4099}"
EndProject
Project("{9A19103F-16F7-4668-BE54-9A1E7A4F7556}") = "EFCore.CodeGenerator.Entity", "EFCore.CodeGenerator.Entity\EFCore.CodeGenerator.Entity.csproj", "{2B0BE60B-08F4-468C-9259-8E7C4042305A}"
EndProject
Project("{9A19103F-16F7-4668-BE54-9A1E7A4F7556}") = "EFCore.CodeGenerator.Test", "EFCore.CodeGenerator.Test\EFCore.CodeGenerator.Test.csproj", "{43C3FA73-7F09-4E04-AFC1-6DCF5DC406BC}"
EndProject
Project("{2150E333-8FDC-42A3-9474-1A3956D46DE8}") = "Solution Items", "Solution Items", "{821CAA47-4846-47FE-BD8C-AAC5933E157A}"
	ProjectSection(SolutionItems) = preProject
		.editorconfig = .editorconfig
	EndProjectSection
EndProject
Global
	GlobalSection(SolutionConfigurationPlatforms) = preSolution
		Debug|Any CPU = Debug|Any CPU
		Release|Any CPU = Release|Any CPU
	EndGlobalSection
	GlobalSection(ProjectConfigurationPlatforms) = postSolution
		{8BB4E627-BE72-46DB-AF42-6589248F4099}.Debug|Any CPU.ActiveCfg = Debug|Any CPU
		{8BB4E627-BE72-46DB-AF42-6589248F4099}.Debug|Any CPU.Build.0 = Debug|Any CPU
		{8BB4E627-BE72-46DB-AF42-6589248F4099}.Release|Any CPU.ActiveCfg = Release|Any CPU
		{8BB4E627-BE72-46DB-AF42-6589248F4099}.Release|Any CPU.Build.0 = Release|Any CPU
		{2B0BE60B-08F4-468C-9259-8E7C4042305A}.Debug|Any CPU.ActiveCfg = Debug|Any CPU
		{2B0BE60B-08F4-468C-9259-8E7C4042305A}.Debug|Any CPU.Build.0 = Debug|Any CPU
		{2B0BE60B-08F4-468C-9259-8E7C4042305A}.Release|Any CPU.ActiveCfg = Release|Any CPU
		{2B0BE60B-08F4-468C-9259-8E7C4042305A}.Release|Any CPU.Build.0 = Release|Any CPU
		{43C3FA73-7F09-4E04-AFC1-6DCF5DC406BC}.Debug|Any CPU.ActiveCfg = Debug|Any CPU
		{43C3FA73-7F09-4E04-AFC1-6DCF5DC406BC}.Debug|Any CPU.Build.0 = Debug|Any CPU
		{43C3FA73-7F09-4E04-AFC1-6DCF5DC406BC}.Release|Any CPU.ActiveCfg = Release|Any CPU
		{43C3FA73-7F09-4E04-AFC1-6DCF5DC406BC}.Release|Any CPU.Build.0 = Release|Any CPU
	EndGlobalSection
	GlobalSection(SolutionProperties) = preSolution
		HideSolutionNode = FALSE
	EndGlobalSection
	GlobalSection(ExtensibilityGlobals) = postSolution
		SolutionGuid = {89D8C26C-C8D2-4DC9-9E4D-EEFE612EF87D}
	EndGlobalSection
EndGlobal
